{
    "_readme": [
        "This file locks the dependencies of your project to a known state",
        "Read more about it at https://getcomposer.org/doc/01-basic-usage.md#installing-dependencies",
        "This file is @generated automatically"
    ],
    "content-hash": "e4c57a3361a0df407f1099a7d5a75cb3",
    "packages": [
        {
            "name": "symfony/deprecation-contracts",
            "version": "v3.7.0",
            "source": {
                "type": "git",
                "url": "https://github.com/symfony/deprecation-contracts.git",
                "reference": "50f59d1f3ca46d41ac911f97a78626b6756af35b"
            },
            "dist": {
                "type": "zip",
                "url": "https://api.github.com/repos/symfony/deprecation-contracts/zipball/50f59d1f3ca46d41ac911f97a78626b6756af35b",
                "reference": "50f59d1f3ca46d41ac911f97a78626b6756af35b",
                "shasum": ""
            },
            "require": {
                "php": ">=8.1"
            },
            "type": "library",
            "extra": {
                "thanks": {
                    "url": "https://github.com/symfony/contracts",
                    "name": "symfony/contracts"
                },
                "branch-alias": {
                    "dev-main": "3.7-dev"
                }
            },
            "autoload": {
                "files": [
                    "function.php"
                ]
            },
            "notification-url": "https://packagist.org/downloads/",
            "license": [
                "MIT"
            ],
            "authors": [
                {
                    "name": "Nicolas Grekas",
                    "email": "p@tchwork.com"
                },
                {
                    "name": "Symfony Community",
                    "homepage": "https://symfony.com/contributors"
                }
            ],
            "description": "A generic function and convention to trigger deprecation notices",
            "homepage": "https://symfony.com",
            "support": {
                "source": "https://github.com/symfony/deprecation-contracts/tree/v3.7.0"
            },
            "funding": [
                {
                    "url": "https://symfony.com/sponsor",
                    "type": "custom"
                },
                {
                    "url": "https://github.com/fabpot",
                    "type": "github"
                },
                {
                    "url": "https://github.com/nicolas-grekas",
                    "type": "github"
                },
                {
                    "url": "https://tidelift.com/funding/github/packagist/symfony/symfony",
                    "type": "tidelift"
                }
            ],
            "time": "2026-04-13T15:52:40+00:00"
        },
        {
            "name": "symfony/polyfill-ctype",
            "version": "v1.37.0",
            "source": {
                "type": "git",
                "url": "https://github.com/symfony/polyfill-ctype.git",
                "reference": "141046a8f9477948ff284fa65be2095baafb94f2"
            },
            "dist": {
                "type": "zip",
                "url": "https://api.github.com/repos/symfony/polyfill-ctype/zipball/141046a8f9477948ff284fa65be2095baafb94f2",
                "reference": "141046a8f9477948ff284fa65be2095baafb94f2",
                "shasum": ""
            },
            "require": {
                "php": ">=7.2"
            },
            "provide": {
                "ext-ctype": "*"
            },
            "suggest": {
                "ext-ctype": "For best performance"
            },
            "type": "library",
            "extra": {
                "thanks": {
                    "url": "https://github.com/symfony/polyfill",
                    "name": "symfony/polyfill"
                }
            },
            "autoload": {
                "files": [
                    "bootstrap.php"
                ],
                "psr-4": {
                    "Symfony\\Polyfill\\Ctype\\": ""
                }
            },
            "notification-url": "https://packagist.org/downloads/",
            "license": [
                "MIT"
            ],
            "authors": [
                {
                    "name": "Gert de Pagter",
                    "email": "BackEndTea@gmail.com"
                },
                {
                    "name": "Symfony Community",
                    "homepage": "https://symfony.com/contributors"
                }
            ],
            "description": "Symfony polyfill for ctype functions",
            "homepage": "https://symfony.com",
            "keywords": [
                "compatibility",
                "ctype",
                "polyfill",
                "portable"
            ],
            "support": {
                "source": "https://github.com/symfony/polyfill-ctype/tree/v1.37.0"
            },
            "funding": [
                {
                    "url": "https://symfony.com/sponsor",
                    "type": "custom"
                },
                {
                    "url": "https://github.com/fabpot",
                    "type": "github"
                },
                {
                    "url": "https://github.com/nicolas-grekas",
                    "type": "github"
                },
                {
                    "url": "https://tidelift.com/funding/github/packagist/symfony/symfony",
                    "type": "tidelift"
                }
            ],
            "time": "2026-04-10T16:19:22+00:00"
        },
        {
            "name": "symfony/polyfill-mbstring",
            "version": "v1.38.2",
            "source": {
                "type": "git",
                "url": "https://github.com/symfony/polyfill-mbstring.git",
                "reference": "d3d318bad5e7a1bfbd026009c8bfb8d8f99ae6b6"
            },
            "dist": {
                "type": "zip",
                "url": "https://api.github.com/repos/symfony/polyfill-mbstring/zipball/d3d318bad5e7a1bfbd026009c8bfb8d8f99ae6b6",
                "reference": "d3d318bad5e7a1bfbd026009c8bfb8d8f99ae6b6",
                "shasum": ""
            },
            "require": {
                "ext-iconv": "*",
                "php": ">=7.2"
            },
            "provide": {
                "ext-mbstring": "*"
            },
            "suggest": {
                "ext-mbstring": "For best performance"
            },
            "type": "library",
            "extra": {
                "thanks": {
                    "url": "https://github.com/symfony/polyfill",
                    "name": "symfony/polyfill"
                }
            },
            "autoload": {
                "files": [
                    "bootstrap.php"
                ],
                "psr-4": {
                    "Symfony\\Polyfill\\Mbstring\\": ""
                }
            },
            "notification-url": "https://packagist.org/downloads/",
            "license": [
                "MIT"
            ],
            "authors": [
                {
                    "name": "Nicolas Grekas",
                    "email": "p@tchwork.com"
                },
                {
                    "name": "Symfony Community",
                    "homepage": "https://symfony.com/contributors"
                }
            ],
            "description": "Symfony polyfill for the Mbstring extension",
            "homepage": "https://symfony.com",
            "keywords": [
                "compatibility",
                "mbstring",
                "polyfill",
                "portable",
                "shim"
            ],
            "support": {
                "source": "https://github.com/symfony/polyfill-mbstring/tree/v1.38.2"
            },
            "funding": [
                {
                    "url": "https://symfony.com/sponsor",
                    "type": "custom"
                },
                {
                    "url": "https://github.com/fabpot",
                    "type": "github"
                },
                {
                    "url": "https://github.com/nicolas-grekas",
                    "type": "github"
                },
                {
                    "url": "https://tidelift.com/funding/github/packagist/symfony/symfony",
                    "type": "tidelift"
                }
            ],
            "time": "2026-05-27T06:59:30+00:00"
        },
        {
            "name": "symfony/translation",
            "version": "v7.4.10",
            "source": {
                "type": "git",
                "url": "https://github.com/symfony/translation.git",
                "reference": "ada7578c30dd5feaa8259cff3e885069ea81ddde"
            },
            "dist": {
                "type": "zip",
                "url": "https://api.github.com/repos/symfony/translation/zipball/ada7578c30dd5feaa8259cff3e885069ea81ddde",
                "reference": "ada7578c30dd5feaa8259cff3e885069ea81ddde",
                "shasum": ""
            },
            "require": {
                "php": ">=8.2",
                "symfony/deprecation-contracts": "^2.5|^3",
                "symfony/polyfill-mbstring": "~1.0",
                "symfony/translation-contracts": "^2.5.3|^3.3"
            },
            "conflict": {
                "nikic/php-parser": "<5.0",
                "symfony/config": "<6.4",
                "symfony/console": "<6.4",
                "symfony/dependency-injection": "<6.4",
                "symfony/http-client-contracts": "<2.5",
                "symfony/http-kernel": "<6.4",
                "symfony/service-contracts": "<2.5",
                "symfony/twig-bundle": "<6.4",
                "symfony/yaml": "<6.4"
            },
            "provide": {
                "symfony/translation-implementation": "2.3|3.0"
            },
            "require-dev": {
                "nikic/php-parser": "^5.0",
                "psr/log": "^1|^2|^3",
                "symfony/config": "^6.4|^7.0|^8.0",
                "symfony/console": "^6.4|^7.0|^8.0",
                "symfony/dependency-injection": "^6.4|^7.0|^8.0",
                "symfony/finder": "^6.4|^7.0|^8.0",
                "symfony/http-client-contracts": "^2.5|^3.0",
                "symfony/http-kernel": "^6.4|^7.0|^8.0",
                "symfony/intl": "^6.4|^7.0|^8.0",
                "symfony/polyfill-intl-icu": "^1.21",
                "symfony/routing": "^6.4|^7.0|^8.0",
                "symfony/service-contracts": "^2.5|^3",
                "symfony/yaml": "^6.4|^7.0|^8.0"
            },
            "type": "library",
            "autoload": {
                "files": [
                    "Resources/functions.php"
                ],
                "psr-4": {
                    "Symfony\\Component\\Translation\\": ""
                },
                "exclude-from-classmap": [
                    "/Tests/"
                ]
            },
            "notification-url": "https://packagist.org/downloads/",
            "license": [
                "MIT"
            ],
            "authors": [
                {
                    "name": "Fabien Potencier",
                    "email": "fabien@symfony.com"
                },
                {
                    "name": "Symfony Community",
                    "homepage": "https://symfony.com/contributors"
                }
            ],
            "description": "Provides tools to internationalize your application",
            "homepage": "https://symfony.com",
            "support": {
                "source": "https://github.com/symfony/translation/tree/v7.4.10"
            },
            "funding": [
                {
                    "url": "https://symfony.com/sponsor",
                    "type": "custom"
                },
                {
                    "url": "https://github.com/fabpot",
                    "type": "github"
                },
                {
                    "url": "https://github.com/nicolas-grekas",
                    "type": "github"
                },
                {
                    "url": "https://tidelift.com/funding/github/packagist/symfony/symfony",
                    "type": "tidelift"
                }
            ],
            "time": "2026-05-06T11:19:24+00:00"
        },
        {
            "name": "symfony/translation-contracts",
            "version": "v3.7.0",
            "source": {
                "type": "git",
                "url": "https://github.com/symfony/translation-contracts.git",
                "reference": "0ab302977a952b42fd51475c4ebac81f8da0a95d"
            },
            "dist": {
                "type": "zip",
                "url": "https://api.github.com/repos/symfony/translation-contracts/zipball/0ab302977a952b42fd51475c4ebac81f8da0a95d",
                "reference": "0ab302977a952b42fd51475c4ebac81f8da0a95d",
                "shasum": ""
            },
            "require": {
                "php": ">=8.1"
            },
            "type": "library",
            "extra": {
                "thanks": {
                    "url": "https://github.com/symfony/contracts",
                    "name": "symfony/contracts"
                },
                "branch-alias": {
                    "dev-main": "3.7-dev"
                }
            },
            "autoload": {
                "psr-4": {
                    "Symfony\\Contracts\\Translation\\": ""
                },
                "exclude-from-classmap": [
                    "/Test/"
                ]
            },
            "notification-url": "https://packagist.org/downloads/",
            "license": [
                "MIT"
            ],
            "authors": [
                {
                    "name": "Nicolas Grekas",
                    "email": "p@tchwork.com"
                },
                {
                    "name": "Symfony Community",
                    "homepage": "https://symfony.com/contributors"
                }
            ],
            "description": "Generic abstractions related to translation",
            "homepage": "https://symfony.com",
            "keywords": [
                "abstractions",
                "contracts",
                "decoupling",
                "interfaces",
                "interoperability",
                "standards"
            ],
            "support": {
                "source": "https://github.com/symfony/translation-contracts/tree/v3.7.0"
            },
            "funding": [
                {
                    "url": "https://symfony.com/sponsor",
                    "type": "custom"
                },
                {
                    "url": "https://github.com/fabpot",
                    "type": "github"
                },
                {
                    "url": "https://github.com/nicolas-grekas",
                    "type": "github"
                },
                {
                    "url": "https://tidelift.com/funding/github/packagist/symfony/symfony",
                    "type": "tidelift"
                }
            ],
            "time": "2026-01-05T13:30:16+00:00"
        },
        {
            "name": "symfony/twig-bridge",
            "version": "v7.4.12",
            "source": {
                "type": "git",
                "url": "https://github.com/symfony/twig-bridge.git",
                "reference": "81663873d946531129c76c65e80b681ce99c0e89"
            },
            "dist": {
                "type": "zip",
                "url": "https://api.github.com/repos/symfony/twig-bridge/zipball/81663873d946531129c76c65e80b681ce99c0e89",
                "reference": "81663873d946531129c76c65e80b681ce99c0e89",
                "shasum": ""
            },
            "require": {
                "php": ">=8.2",
                "symfony/deprecation-contracts": "^2.5|^3",
                "symfony/translation-contracts": "^2.5|^3",
                "twig/twig": "^3.21"
            },
            "conflict": {
                "phpdocumentor/reflection-docblock": "<5.2|>=7",
                "phpdocumentor/type-resolver": "<1.5.1",
                "symfony/console": "<6.4",
                "symfony/form": "<6.4.32|>7,<7.3.10|>7.4,<7.4.4|>8.0,<8.0.4",
                "symfony/http-foundation": "<6.4",
                "symfony/http-kernel": "<6.4",
                "symfony/mime": "<6.4.37|>7,<7.4.9|>8.0,<8.0.9",
                "symfony/serializer": "<6.4",
                "symfony/translation": "<6.4",
                "symfony/workflow": "<6.4"
            },
            "require-dev": {
                "egulias/email-validator": "^2.1.10|^3|^4",
                "league/html-to-markdown": "^5.0",
                "phpdocumentor/reflection-docblock": "^5.2|^6.0",
                "symfony/asset": "^6.4|^7.0|^8.0",
                "symfony/asset-mapper": "^6.4|^7.0|^8.0",
                "symfony/console": "^6.4|^7.0|^8.0",
                "symfony/dependency-injection": "^6.4|^7.0|^8.0",
                "symfony/emoji": "^7.1|^8.0",
                "symfony/expression-language": "^6.4|^7.0|^8.0",
                "symfony/finder": "^6.4|^7.0|^8.0",
                "symfony/form": "^6.4.32|~7.3.10|^7.4.4|^8.0.4",
                "symfony/html-sanitizer": "^6.4|^7.0|^8.0",
                "symfony/http-foundation": "^7.3|^8.0",
                "symfony/http-kernel": "^6.4|^7.0|^8.0",
                "symfony/intl": "^6.4|^7.0|^8.0",
                "symfony/mime": "^6.4.37|^7.4.9|^8.0.9",
                "symfony/polyfill-intl-icu": "~1.0",
                "symfony/property-info": "^6.4|^7.0|^8.0",
                "symfony/routing": "^6.4|^7.0|^8.0",
                "symfony/security-acl": "^2.8|^3.0",
                "symfony/security-core": "^6.4|^7.0|^8.0",
                "symfony/security-csrf": "^6.4|^7.0|^8.0",
                "symfony/security-http": "^6.4|^7.0|^8.0",
                "symfony/serializer": "^6.4.3|^7.0.3|^8.0",
                "symfony/stopwatch": "^6.4|^7.0|^8.0",
                "symfony/translation": "^6.4|^7.0|^8.0",
                "symfony/validator": "^6.4|^7.0|^8.0",
                "symfony/web-link": "^6.4|^7.0|^8.0",
                "symfony/workflow": "^6.4|^7.0|^8.0",
                "symfony/yaml": "^6.4|^7.0|^8.0",
                "twig/cssinliner-extra": "^3",
                "twig/inky-extra": "^3",
                "twig/markdown-extra": "^3"
            },
            "type": "symfony-bridge",
            "autoload": {
                "psr-4": {
                    "Symfony\\Bridge\\Twig\\": ""
                },
                "exclude-from-classmap": [
                    "/Tests/"
                ]
            },
            "notification-url": "https://packagist.org/downloads/",
            "license": [
                "MIT"
            ],
            "authors": [
                {
                    "name": "Fabien Potencier",
                    "email": "fabien@symfony.com"
                },
                {
                    "name": "Symfony Community",
                    "homepage": "https://symfony.com/contributors"
                }
            ],
            "description": "Provides integration for Twig with various Symfony components",
            "homepage": "https://symfony.com",
            "support": {
                "source": "https://github.com/symfony/twig-bridge/tree/v7.4.12"
            },
            "funding": [
                {
                    "url": "https://symfony.com/sponsor",
                    "type": "custom"
                },
                {
                    "url": "https://github.com/fabpot",
                    "type": "github"
                },
                {
                    "url": "https://github.com/nicolas-grekas",
                    "type": "github"
                },
                {
                    "url": "https://tidelift.com/funding/github/packagist/symfony/symfony",
                    "type": "tidelift"
                }
            ],
            "time": "2026-04-29T17:13:54+00:00"
        },
        {
            "name": "symfony/yaml",
            "version": "v7.4.13",
            "source": {
                "type": "git",
                "url": "https://github.com/symfony/yaml.git",
                "reference": "a7ec3b1156faf8815db7683ec7c1e7338e6f977c"
            },
            "dist": {
                "type": "zip",
                "url": "https://api.github.com/repos/symfony/yaml/zipball/a7ec3b1156faf8815db7683ec7c1e7338e6f977c",
                "reference": "a7ec3b1156faf8815db7683ec7c1e7338e6f977c",
                "shasum": ""
            },
            "require": {
                "php": ">=8.2",
                "symfony/deprecation-contracts": "^2.5|^3",
                "symfony/polyfill-ctype": "^1.8"
            },
            "conflict": {
                "symfony/console": "<6.4"
            },
            "require-dev": {
                "symfony/console": "^6.4|^7.0|^8.0"
            },
            "bin": [
                "Resources/bin/yaml-lint"
            ],
            "type": "library",
            "autoload": {
                "psr-4": {
                    "Symfony\\Component\\Yaml\\": ""
                },
                "exclude-from-classmap": [
                    "/Tests/"
                ]
            },
            "notification-url": "https://packagist.org/downloads/",
            "license": [
                "MIT"
            ],
            "authors": [
                {
                    "name": "Fabien Potencier",
                    "email": "fabien@symfony.com"
                },
                {
                    "name": "Symfony Community",
                    "homepage": "https://symfony.com/contributors"
                }
            ],
            "description": "Loads and dumps YAML files",
            "homepage": "https://symfony.com",
            "support": {
                "source": "https://github.com/symfony/yaml/tree/v7.4.13"
            },
            "funding": [
                {
                    "url": "https://symfony.com/sponsor",
                    "type": "custom"
                },
                {
                    "url": "https://github.com/fabpot",
                    "type": "github"
                },
                {
                    "url": "https://github.com/nicolas-grekas",
                    "type": "github"
                },
                {
                    "url": "https://tidelift.com/funding/github/packagist/symfony/symfony",
                    "type": "tidelift"
                }
            ],
            "time": "2026-05-25T06:06:12+00:00"
        },
        {
            "name": "twig/twig",
            "version": "v3.27.1",
            "source": {
                "type": "git",
                "url": "https://github.com/twigphp/Twig.git",
                "reference": "ae2071bffb38f04847fc0864d730c94b9cb8ab74"
            },
            "dist": {
                "type": "zip",
                "url": "https://api.github.com/repos/twigphp/Twig/zipball/ae2071bffb38f04847fc0864d730c94b9cb8ab74",
                "reference": "ae2071bffb38f04847fc0864d730c94b9cb8ab74",
                "shasum": ""
            },
            "require": {
                "php": ">=8.1.0",
                "symfony/deprecation-contracts": "^2.5|^3",
                "symfony/polyfill-ctype": "^1.8",
                "symfony/polyfill-mbstring": "^1.3"
            },
            "require-dev": {
                "php-cs-fixer/shim": "^3.0@stable",
                "phpstan/phpstan": "^2.0@stable",
                "psr/container": "^1.0|^2.0",
                "symfony/phpunit-bridge": "^5.4.9|^6.4|^7.0"
            },
            "type": "library",
            "autoload": {
                "files": [
                    "src/Resources/core.php",
                    "src/Resources/debug.php",
                    "src/Resources/escaper.php",
                    "src/Resources/string_loader.php"
                ],
                "psr-4": {
                    "Twig\\": "src/"
                }
            },
            "notification-url": "https://packagist.org/downloads/",
            "license": [
                "BSD-3-Clause"
            ],
            "authors": [
                {
                    "name": "Fabien Potencier",
                    "email": "fabien@symfony.com",
                    "homepage": "http://fabien.potencier.org",
                    "role": "Lead Developer"
                },
                {
                    "name": "Twig Team",
                    "role": "Contributors"
                },
                {
                    "name": "Armin Ronacher",
                    "email": "armin.ronacher@active-4.com",
                    "role": "Project Founder"
                }
            ],
            "description": "Twig, the flexible, fast, and secure template language for PHP",
            "homepage": "https://twig.symfony.com",
            "keywords": [
                "templating"
            ],
            "support": {
                "issues": "https://github.com/twigphp/Twig/issues",
                "source": "https://github.com/twigphp/Twig/tree/v3.27.1"
            },
            "funding": [
                {
                    "url": "https://github.com/fabpot",
                    "type": "github"
                },
                {
                    "url": "https://tidelift.com/funding/github/packagist/twig/twig",
                    "type": "tidelift"
                }
            ],
            "time": "2026-05-30T17:09:26+00:00"
        }
    ],
    "packages-dev": [],
    "aliases": [],
    "minimum-stability": "stable",
    "stability-flags": {},
    "prefer-stable": false,
    "prefer-lowest": false,
    "platform": {
        "php": ">=8.3"
    },
    "platform-dev": {},
    "plugin-api-version": "2.9.0"
}
